{
  "name": "Azure-AlbumViewerVNext",
  "lockfileVersion": 2,
  "requires": true,
  "packages": {
    "": {
      "dependencies": {
        "@angular/router": "^20.3.0",
        "@microsoft/applicationinsights-web": "^3.3.9",
        "tslib": "^2.8.1"
      }
    },
    "node_modules/@angular/common": {
      "version": "20.3.0",
      "resolved": "https://registry.npmjs.org/@angular/common/-/common-20.3.0.tgz",
      "integrity": "sha512-Il0HqdRdrmI8ufLXd49EYaa/BPqfiSqe5uuKrDxhkAdbRXwCXWsxbO/n8AwilwWn3CKLOCrEXQYKwbcFW0nYQQ==",
      "peer": true,
      "dependencies": {
        "tslib": "^2.3.0"
      },
      "engines": {
        "node": "^20.19.0 || ^22.12.0 || >=24.0.0"
      },
      "peerDependencies": {
        "@angular/core": "20.3.0",
        "rxjs": "^6.5.3 || ^7.4.0"
      }
    },
    "node_modules/@angular/core": {
      "version": "20.3.0",
      "resolved": "https://registry.npmjs.org/@angular/core/-/core-20.3.0.tgz",
      "integrity": "sha512-4uH2TAMm1nXqQ9lcZyyNkjcdQ0Fjcf9Hh0HYrhMOEV6GAUHvM2I8Vr2dSQ40p/UKLEfe9+cpZ78EPocqPQCG6A==",
      "peer": true,
      "dependencies": {
        "tslib": "^2.3.0"
      },
      "engines": {
        "node": "^20.19.0 || ^22.12.0 || >=24.0.0"
      },
      "peerDependencies": {
        "@angular/compiler": "20.3.0",
        "rxjs": "^6.5.3 || ^7.4.0",
        "zone.js": "~0.15.0"
      },
      "peerDependenciesMeta": {
        "@angular/compiler": {
          "optional": true
        },
        "zone.js": {
          "optional": true
        }
      }
    },
    "node_modules/@angular/platform-browser": {
      "version": "20.3.0",
      "resolved": "https://registry.npmjs.org/@angular/platform-browser/-/platform-browser-20.3.0.tgz",
      "integrity": "sha512-/KsgfxDwP7/KXGrLLSyg4+Xd8HxmHi5dVCu+xHfa3QjzVIvvZfWZLxQj7guRlDtg/mz+t0/OSKvSUZzOAfVzGQ==",
      "peer": true,
      "dependencies": {
        "tslib": "^2.3.0"
      },
      "engines": {
        "node": "^20.19.0 || ^22.12.0 || >=24.0.0"
      },
      "peerDependencies": {
        "@angular/animations": "20.3.0",
        "@angular/common": "20.3.0",
        "@angular/core": "20.3.0"
      },
      "peerDependenciesMeta": {
        "@angular/animations": {
          "optional": true
        }
      }
    },
    "node_modules/@angular/router": {
      "version": "20.3.0",
      "resolved": "https://registry.npmjs.org/@angular/router/-/router-20.3.0.tgz",
      "integrity": "sha512-JshumajvPCMztz1+7r/l5tRxFL3cn2jCpr5szdc5hESkpytY4050hedd09GogL1UoIyZAjhyYLhSlMnvrgjHBA==",
      "dependencies": {
        "tslib": "^2.3.0"
      },
      "engines": {
        "node": "^20.19.0 || ^22.12.0 || >=24.0.0"
      },
      "peerDependencies": {
        "@angular/common": "20.3.0",
        "@angular/core": "20.3.0",
        "@angular/platform-browser": "20.3.0",
        "rxjs": "^6.5.3 || ^7.4.0"
      }
    },
    "node_modules/@microsoft/applicationinsights-analytics-js": {
      "version": "3.3.9",
      "resolved": "https://registry.npmjs.org/@microsoft/applicationinsights-analytics-js/-/applicationinsights-analytics-js-3.3.9.tgz",
      "integrity": "sha512-HJ7W4L4RYt7ozbwIsxjllJTk48ER0mbUOGrCSIIf7j3z3R/Kn/eTEBMNE073oV970nPEMzajvMZa2tDcsLLGzw==",
      "dependencies": {
        "@microsoft/applicationinsights-common": "3.3.9",
        "@microsoft/applicationinsights-core-js": "3.3.9",
        "@microsoft/applicationinsights-shims": "3.0.1",
        "@microsoft/dynamicproto-js": "^2.0.3",
        "@nevware21/ts-utils": ">= 0.11.8 < 2.x"
      },
      "peerDependencies": {
        "tslib": ">= 1.0.0"
      }
    },
    "node_modules/@microsoft/applicationinsights-cfgsync-js": {
      "version": "3.3.9",
      "resolved": "https://registry.npmjs.org/@microsoft/applicationinsights-cfgsync-js/-/applicationinsights-cfgsync-js-3.3.9.tgz",
      "integrity": "sha512-/7HpyjvKnKp4UGZ6U3pNXjpdPWRXcDyxlAkE3D3/TtgLbiTLfraLQuQAi/zTnJPFqkb3/TcS3wmDtnVea83w2Q==",
      "dependencies": {
        "@microsoft/applicationinsights-common": "3.3.9",
        "@microsoft/applicationinsights-core-js": "3.3.9",
        "@microsoft/applicationinsights-shims": "3.0.1",
        "@microsoft/dynamicproto-js": "^2.0.3",
        "@nevware21/ts-async": ">= 0.5.4 < 2.x",
        "@nevware21/ts-utils": ">= 0.11.8 < 2.x"
      },
      "peerDependencies": {
        "tslib": ">= 1.0.0"
      }
    },
    "node_modules/@microsoft/applicationinsights-channel-js": {
      "version": "3.3.9",
      "resolved": "https://registry.npmjs.org/@microsoft/applicationinsights-channel-js/-/applicationinsights-channel-js-3.3.9.tgz",
      "integrity": "sha512-/yEgSe6vT2ycQJkXu6VF04TB5XBurk46ECV7uo6KkNhWyDEctAk1VDWB7EqXYdwLhKMbNOYX1pvz7fj43fGNqg==",
      "dependencies": {
        "@microsoft/applicationinsights-common": "3.3.9",
        "@microsoft/applicationinsights-core-js": "3.3.9",
        "@microsoft/applicationinsights-shims": "3.0.1",
        "@microsoft/dynamicproto-js": "^2.0.3",
        "@nevware21/ts-async": ">= 0.5.4 < 2.x",
        "@nevware21/ts-utils": ">= 0.11.8 < 2.x"
      },
      "peerDependencies": {
        "tslib": ">= 1.0.0"
      }
    },
    "node_modules/@microsoft/applicationinsights-common": {
      "version": "3.3.9",
      "resolved": "https://registry.npmjs.org/@microsoft/applicationinsights-common/-/applicationinsights-common-3.3.9.tgz",
      "integrity": "sha512-IgruOuDBxmBK9jYo7SqLJG7Z9OwmAmlvHET49srpN6pqQlEjRpjD1nfA3Ps4RSEbF89a/ad2phQaBp8jvm122g==",
      "dependencies": {
        "@microsoft/applicationinsights-core-js": "3.3.9",
        "@microsoft/applicationinsights-shims": "3.0.1",
        "@microsoft/dynamicproto-js": "^2.0.3",
        "@nevware21/ts-utils": ">= 0.11.8 < 2.x"
      },
      "peerDependencies": {
        "tslib": ">= 1.0.0"
      }
    },
    "node_modules/@microsoft/applicationinsights-core-js": {
      "version": "3.3.9",
      "resolved": "https://registry.npmjs.org/@microsoft/applicationinsights-core-js/-/applicationinsights-core-js-3.3.9.tgz",
      "integrity": "sha512-xliiE9H09xCycndlua4QjajN8q5k/ET6VCv+e0Jjodxr9+cmoOP/6QY9dun9ptokuwR8TK0qOaIJ8z4fgslVSA==",
      "dependencies": {
        "@microsoft/applicationinsights-shims": "3.0.1",
        "@microsoft/dynamicproto-js": "^2.0.3",
        "@nevware21/ts-async": ">= 0.5.4 < 2.x",
        "@nevware21/ts-utils": ">= 0.11.8 < 2.x"
      },
      "peerDependencies": {
        "tslib": ">= 1.0.0"
      }
    },
    "node_modules/@microsoft/applicationinsights-dependencies-js": {
      "version": "3.3.9",
      "resolved": "https://registry.npmjs.org/@microsoft/applicationinsights-dependencies-js/-/applicationinsights-dependencies-js-3.3.9.tgz",
      "integrity": "sha512-I8MiU0S2EB0H+Pz2X5PaV1BcqLHmWRSJDVhvxATvLGshwCRNSoXPSNf4Ami2mjVBKNH9GrSj01s6vrSUrSBsoQ==",
      "dependencies": {
        "@microsoft/applicationinsights-common": "3.3.9",
        "@microsoft/applicationinsights-core-js": "3.3.9",
        "@microsoft/applicationinsights-shims": "3.0.1",
        "@microsoft/dynamicproto-js": "^2.0.3",
        "@nevware21/ts-async": ">= 0.5.4 < 2.x",
        "@nevware21/ts-utils": ">= 0.11.8 < 2.x"
      },
      "peerDependencies": {
        "tslib": ">= 1.0.0"
      }
    },
    "node_modules/@microsoft/applicationinsights-properties-js": {
      "version": "3.3.9",
      "resolved": "https://registry.npmjs.org/@microsoft/applicationinsights-properties-js/-/applicationinsights-properties-js-3.3.9.tgz",
      "integrity": "sha512-8CPrqLgFCrFMaUWQoHEXMGSG6Ykn9wxfDxBeEHI6yUSvnkeolnP0Mwg+6NRdHcVbiNnO4itGBJC+Icu0Eq7Xeg==",
      "dependencies": {
        "@microsoft/applicationinsights-common": "3.3.9",
        "@microsoft/applicationinsights-core-js": "3.3.9",
        "@microsoft/applicationinsights-shims": "3.0.1",
        "@microsoft/dynamicproto-js": "^2.0.3",
        "@nevware21/ts-utils": ">= 0.11.8 < 2.x"
      },
      "peerDependencies": {
        "tslib": ">= 1.0.0"
      }
    },
    "node_modules/@microsoft/applicationinsights-shims": {
      "version": "3.0.1",
      "resolved": "https://registry.npmjs.org/@microsoft/applicationinsights-shims/-/applicationinsights-shims-3.0.1.tgz",
      "integrity": "sha512-DKwboF47H1nb33rSUfjqI6ryX29v+2QWcTrRvcQDA32AZr5Ilkr7whOOSsD1aBzwqX0RJEIP1Z81jfE3NBm/Lg==",
      "dependencies": {
        "@nevware21/ts-utils": ">= 0.9.4 < 2.x"
      }
    },
    "node_modules/@microsoft/applicationinsights-web": {
      "version": "3.3.9",
      "resolved": "https://registry.npmjs.org/@microsoft/applicationinsights-web/-/applicationinsights-web-3.3.9.tgz",
      "integrity": "sha512-sphOpJwjq0AVcUCxaoZYeB9nsMcxRgpZ6Jt8raqMIn0WdvgcSi51yFW4BE2gk8G8z4E8umnkEvYIb8SmEpkm1A==",
      "dependencies": {
        "@microsoft/applicationinsights-analytics-js": "3.3.9",
        "@microsoft/applicationinsights-cfgsync-js": "3.3.9",
        "@microsoft/applicationinsights-channel-js": "3.3.9",
        "@microsoft/applicationinsights-common": "3.3.9",
        "@microsoft/applicationinsights-core-js": "3.3.9",
        "@microsoft/applicationinsights-dependencies-js": "3.3.9",
        "@microsoft/applicationinsights-properties-js": "3.3.9",
        "@microsoft/applicationinsights-shims": "3.0.1",
        "@microsoft/dynamicproto-js": "^2.0.3",
        "@nevware21/ts-async": ">= 0.5.4 < 2.x",
        "@nevware21/ts-utils": ">= 0.11.8 < 2.x"
      },
      "peerDependencies": {
        "tslib": ">= 1.0.0"
      }
    },
    "node_modules/@microsoft/dynamicproto-js": {
      "version": "2.0.3",
      "resolved": "https://registry.npmjs.org/@microsoft/dynamicproto-js/-/dynamicproto-js-2.0.3.tgz",
      "integrity": "sha512-JTWTU80rMy3mdxOjjpaiDQsTLZ6YSGGqsjURsY6AUQtIj0udlF/jYmhdLZu8693ZIC0T1IwYnFa0+QeiMnziBA==",
      "dependencies": {
        "@nevware21/ts-utils": ">= 0.10.4 < 2.x"
      }
    },
    "node_modules/@nevware21/ts-async": {
      "version": "0.5.4",
      "resolved": "https://registry.npmjs.org/@nevware21/ts-async/-/ts-async-0.5.4.tgz",
      "integrity": "sha512-IBTyj29GwGlxfzXw2NPnzty+w0Adx61Eze1/lknH/XIVdxtF9UnOpk76tnrHXWa6j84a1RR9hsOcHQPFv9qJjA==",
      "dependencies": {
        "@nevware21/ts-utils": ">= 0.11.6 < 2.x"
      }
    },
    "node_modules/@nevware21/ts-utils": {
      "version": "0.12.5",
      "resolved": "https://registry.npmjs.org/@nevware21/ts-utils/-/ts-utils-0.12.5.tgz",
      "integrity": "sha512-JPQZWPKQJjj7kAftdEZL0XDFfbMgXCGiUAZe0d7EhLC3QlXTlZdSckGqqRIQ2QNl0VTEZyZUvRBw6Ednw089Fw=="
    },
    "node_modules/rxjs": {
      "version": "7.8.2",
      "resolved": "https://registry.npmjs.org/rxjs/-/rxjs-7.8.2.tgz",
      "integrity": "sha512-dhKf903U/PQZY6boNNtAGdWbG85WAbjT/1xYoZIC7FAY0yWapOBQVsVrDl58W86//e1VpMNBtRV4MaXfdMySFA==",
      "peer": true,
      "dependencies": {
        "tslib": "^2.1.0"
      }
    },
    "node_modules/tslib": {
      "version": "2.8.1",
      "resolved": "https://registry.npmjs.org/tslib/-/tslib-2.8.1.tgz",
      "integrity": "sha512-oJFu94HQb+KVduSUQL7wnpmqnfmLsOA/nAh6b6EH0wCEoK0/mPeXU6c3wKDV83MkOuHPRHtSXKKU99IBazS/2w=="
    }
  },
  "dependencies": {
    "@angular/common": {
      "version": "20.3.0",
      "resolved": "https://registry.npmjs.org/@angular/common/-/common-20.3.0.tgz",
      "integrity": "sha512-Il0HqdRdrmI8ufLXd49EYaa/BPqfiSqe5uuKrDxhkAdbRXwCXWsxbO/n8AwilwWn3CKLOCrEXQYKwbcFW0nYQQ==",
      "peer": true,
      "requires": {
        "tslib": "^2.3.0"
      }
    },
    "@angular/core": {
      "version": "20.3.0",
      "resolved": "https://registry.npmjs.org/@angular/core/-/core-20.3.0.tgz",
      "integrity": "sha512-4uH2TAMm1nXqQ9lcZyyNkjcdQ0Fjcf9Hh0HYrhMOEV6GAUHvM2I8Vr2dSQ40p/UKLEfe9+cpZ78EPocqPQCG6A==",
      "peer": true,
      "requires": {
        "tslib": "^2.3.0"
      }
    },
    "@angular/platform-browser": {
      "version": "20.3.0",
      "resolved": "https://registry.npmjs.org/@angular/platform-browser/-/platform-browser-20.3.0.tgz",
      "integrity": "sha512-/KsgfxDwP7/KXGrLLSyg4+Xd8HxmHi5dVCu+xHfa3QjzVIvvZfWZLxQj7guRlDtg/mz+t0/OSKvSUZzOAfVzGQ==",
      "peer": true,
      "requires": {
        "tslib": "^2.3.0"
      }
    },
    "@angular/router": {
      "version": "20.3.0",
      "resolved": "https://registry.npmjs.org/@angular/router/-/router-20.3.0.tgz",
      "integrity": "sha512-JshumajvPCMztz1+7r/l5tRxFL3cn2jCpr5szdc5hESkpytY4050hedd09GogL1UoIyZAjhyYLhSlMnvrgjHBA==",
      "requires": {
        "tslib": "^2.3.0"
      }
    },
    "@microsoft/applicationinsights-analytics-js": {
      "version": "3.3.9",
      "resolved": "https://registry.npmjs.org/@microsoft/applicationinsights-analytics-js/-/applicationinsights-analytics-js-3.3.9.tgz",
      "integrity": "sha512-HJ7W4L4RYt7ozbwIsxjllJTk48ER0mbUOGrCSIIf7j3z3R/Kn/eTEBMNE073oV970nPEMzajvMZa2tDcsLLGzw==",
      "requires": {
        "@microsoft/applicationinsights-common": "3.3.9",
        "@microsoft/applicationinsights-core-js": "3.3.9",
        "@microsoft/applicationinsights-shims": "3.0.1",
        "@microsoft/dynamicproto-js": "^2.0.3",
        "@nevware21/ts-utils": ">= 0.11.8 < 2.x"
      }
    },
    "@microsoft/applicationinsights-cfgsync-js": {
      "version": "3.3.9",
      "resolved": "https://registry.npmjs.org/@microsoft/applicationinsights-cfgsync-js/-/applicationinsights-cfgsync-js-3.3.9.tgz",
      "integrity": "sha512-/7HpyjvKnKp4UGZ6U3pNXjpdPWRXcDyxlAkE3D3/TtgLbiTLfraLQuQAi/zTnJPFqkb3/TcS3wmDtnVea83w2Q==",
      "requires": {
        "@microsoft/applicationinsights-common": "3.3.9",
        "@microsoft/applicationinsights-core-js": "3.3.9",
        "@microsoft/applicationinsights-shims": "3.0.1",
        "@microsoft/dynamicproto-js": "^2.0.3",
        "@nevware21/ts-async": ">= 0.5.4 < 2.x",
        "@nevware21/ts-utils": ">= 0.11.8 < 2.x"
      }
    },
    "@microsoft/applicationinsights-channel-js": {
      "version": "3.3.9",
      "resolved": "https://registry.npmjs.org/@microsoft/applicationinsights-channel-js/-/applicationinsights-channel-js-3.3.9.tgz",
      "integrity": "sha512-/yEgSe6vT2ycQJkXu6VF04TB5XBurk46ECV7uo6KkNhWyDEctAk1VDWB7EqXYdwLhKMbNOYX1pvz7fj43fGNqg==",
      "requires": {
        "@microsoft/applicationinsights-common": "3.3.9",
        "@microsoft/applicationinsights-core-js": "3.3.9",
        "@microsoft/applicationinsights-shims": "3.0.1",
        "@microsoft/dynamicproto-js": "^2.0.3",
        "@nevware21/ts-async": ">= 0.5.4 < 2.x",
        "@nevware21/ts-utils": ">= 0.11.8 < 2.x"
      }
    },
    "@microsoft/applicationinsights-common": {
      "version": "3.3.9",
      "resolved": "https://registry.npmjs.org/@microsoft/applicationinsights-common/-/applicationinsights-common-3.3.9.tgz",
      "integrity": "sha512-IgruOuDBxmBK9jYo7SqLJG7Z9OwmAmlvHET49srpN6pqQlEjRpjD1nfA3Ps4RSEbF89a/ad2phQaBp8jvm122g==",
      "requires": {
        "@microsoft/applicationinsights-core-js": "3.3.9",
        "@microsoft/applicationinsights-shims": "3.0.1",
        "@microsoft/dynamicproto-js": "^2.0.3",
        "@nevware21/ts-utils": ">= 0.11.8 < 2.x"
      }
    },
    "@microsoft/applicationinsights-core-js": {
      "version": "3.3.9",
      "resolved": "https://registry.npmjs.org/@microsoft/applicationinsights-core-js/-/applicationinsights-core-js-3.3.9.tgz",
      "integrity": "sha512-xliiE9H09xCycndlua4QjajN8q5k/ET6VCv+e0Jjodxr9+cmoOP/6QY9dun9ptokuwR8TK0qOaIJ8z4fgslVSA==",
      "requires": {
        "@microsoft/applicationinsights-shims": "3.0.1",
        "@microsoft/dynamicproto-js": "^2.0.3",
        "@nevware21/ts-async": ">= 0.5.4 < 2.x",
        "@nevware21/ts-utils": ">= 0.11.8 < 2.x"
      }
    },
    "@microsoft/applicationinsights-dependencies-js": {
      "version": "3.3.9",
      "resolved": "https://registry.npmjs.org/@microsoft/applicationinsights-dependencies-js/-/applicationinsights-dependencies-js-3.3.9.tgz",
      "integrity": "sha512-I8MiU0S2EB0H+Pz2X5PaV1BcqLHmWRSJDVhvxATvLGshwCRNSoXPSNf4Ami2mjVBKNH9GrSj01s6vrSUrSBsoQ==",
      "requires": {
        "@microsoft/applicationinsights-common": "3.3.9",
        "@microsoft/applicationinsights-core-js": "3.3.9",
        "@microsoft/applicationinsights-shims": "3.0.1",
        "@microsoft/dynamicproto-js": "^2.0.3",
        "@nevware21/ts-async": ">= 0.5.4 < 2.x",
        "@nevware21/ts-utils": ">= 0.11.8 < 2.x"
      }
    },
    "@microsoft/applicationinsights-properties-js": {
      "version": "3.3.9",
      "resolved": "https://registry.npmjs.org/@microsoft/applicationinsights-properties-js/-/applicationinsights-properties-js-3.3.9.tgz",
      "integrity": "sha512-8CPrqLgFCrFMaUWQoHEXMGSG6Ykn9wxfDxBeEHI6yUSvnkeolnP0Mwg+6NRdHcVbiNnO4itGBJC+Icu0Eq7Xeg==",
      "requires": {
        "@microsoft/applicationinsights-common": "3.3.9",
        "@microsoft/applicationinsights-core-js": "3.3.9",
        "@microsoft/applicationinsights-shims": "3.0.1",
        "@microsoft/dynamicproto-js": "^2.0.3",
        "@nevware21/ts-utils": ">= 0.11.8 < 2.x"
      }
    },
    "@microsoft/applicationinsights-shims": {
      "version": "3.0.1",
      "resolved": "https://registry.npmjs.org/@microsoft/applicationinsights-shims/-/applicationinsights-shims-3.0.1.tgz",
      "integrity": "sha512-DKwboF47H1nb33rSUfjqI6ryX29v+2QWcTrRvcQDA32AZr5Ilkr7whOOSsD1aBzwqX0RJEIP1Z81jfE3NBm/Lg==",
      "requires": {
        "@nevware21/ts-utils": ">= 0.9.4 < 2.x"
      }
    },
    "@microsoft/applicationinsights-web": {
      "version": "3.3.9",
      "resolved": "https://registry.npmjs.org/@microsoft/applicationinsights-web/-/applicationinsights-web-3.3.9.tgz",
      "integrity": "sha512-sphOpJwjq0AVcUCxaoZYeB9nsMcxRgpZ6Jt8raqMIn0WdvgcSi51yFW4BE2gk8G8z4E8umnkEvYIb8SmEpkm1A==",
      "requires": {
        "@microsoft/applicationinsights-analytics-js": "3.3.9",
        "@microsoft/applicationinsights-cfgsync-js": "3.3.9",
        "@microsoft/applicationinsights-channel-js": "3.3.9",
        "@microsoft/applicationinsights-common": "3.3.9",
        "@microsoft/applicationinsights-core-js": "3.3.9",
        "@microsoft/applicationinsights-dependencies-js": "3.3.9",
        "@microsoft/applicationinsights-properties-js": "3.3.9",
        "@microsoft/applicationinsights-shims": "3.0.1",
        "@microsoft/dynamicproto-js": "^2.0.3",
        "@nevware21/ts-async": ">= 0.5.4 < 2.x",
        "@nevware21/ts-utils": ">= 0.11.8 < 2.x"
      }
    },
    "@microsoft/dynamicproto-js": {
      "version": "2.0.3",
      "resolved": "https://registry.npmjs.org/@microsoft/dynamicproto-js/-/dynamicproto-js-2.0.3.tgz",
      "integrity": "sha512-JTWTU80rMy3mdxOjjpaiDQsTLZ6YSGGqsjURsY6AUQtIj0udlF/jYmhdLZu8693ZIC0T1IwYnFa0+QeiMnziBA==",
      "requires": {
        "@nevware21/ts-utils": ">= 0.10.4 < 2.x"
      }
    },
    "@nevware21/ts-async": {
      "version": "0.5.4",
      "resolved": "https://registry.npmjs.org/@nevware21/ts-async/-/ts-async-0.5.4.tgz",
      "integrity": "sha512-IBTyj29GwGlxfzXw2NPnzty+w0Adx61Eze1/lknH/XIVdxtF9UnOpk76tnrHXWa6j84a1RR9hsOcHQPFv9qJjA==",
      "requires": {
        "@nevware21/ts-utils": ">= 0.11.6 < 2.x"
      }
    },
    "@nevware21/ts-utils": {
      "version": "0.12.5",
      "resolved": "https://registry.npmjs.org/@nevware21/ts-utils/-/ts-utils-0.12.5.tgz",
      "integrity": "sha512-JPQZWPKQJjj7kAftdEZL0XDFfbMgXCGiUAZe0d7EhLC3QlXTlZdSckGqqRIQ2QNl0VTEZyZUvRBw6Ednw089Fw=="
    },
    "rxjs": {
      "version": "7.8.2",
      "resolved": "https://registry.npmjs.org/rxjs/-/rxjs-7.8.2.tgz",
      "integrity": "sha512-dhKf903U/PQZY6boNNtAGdWbG85WAbjT/1xYoZIC7FAY0yWapOBQVsVrDl58W86//e1VpMNBtRV4MaXfdMySFA==",
      "peer": true,
      "requires": {
        "tslib": "^2.1.0"
      }
    },
    "tslib": {
      "version": "2.8.1",
      "resolved": "https://registry.npmjs.org/tslib/-/tslib-2.8.1.tgz",
      "integrity": "sha512-oJFu94HQb+KVduSUQL7wnpmqnfmLsOA/nAh6b6EH0wCEoK0/mPeXU6c3wKDV83MkOuHPRHtSXKKU99IBazS/2w=="
    }
  }
}
